// !$*UTF8*$!
{
	archiveVersion = 1;
	classes = {
	};
	objectVersion = 46;
	objects = {

/* Begin PBXBuildFile section */
		E8EBD1B11E51F1B00088CC9D /* AppDelegate.swift in Sources */ = {isa = PBXBuildFile; fileRef = E8EBD1B01E51F1B00088CC9D /* AppDelegate.swift */; };
		E8EBD1B31E51F1B00088CC9D /* ViewController.swift in Sources */ = {isa = PBXBuildFile; fileRef = E8EBD1B21E51F1B00088CC9D /* ViewController.swift */; };
		E8EBD1B61E51F1B00088CC9D /* Main.storyboard in Resources */ = {isa = PBXBuildFile; fileRef = E8EBD1B41E51F1B00088CC9D /* Main.storyboard */; };
		E8EBD1B81E51F1B00088CC9D /* Assets.xcassets in Resources */ = {isa = PBXBuildFile; fileRef = E8EBD1B71E51F1B00088CC9D /* Assets.xcassets */; };
		E8EBD1BB1E51F1B00088CC9D /* LaunchScreen.storyboard in Resources */ = {isa = PBXBuildFile; fileRef = E8EBD1B91E51F1B00088CC9D /* LaunchScreen.storyboard */; };
		E8EBD1C61E51F1B00088CC9D /* Empty_test_ProjectTests.swift in Sources */ = {isa = PBXBuildFile; fileRef = E8EBD1C51E51F1B00088CC9D /* Empty_test_ProjectTests.swift */; };
		E8EBD1D11E51F1B00088CC9D /* Empty_test_ProjectUITests.swift in Sources */ = {isa = PBXBuildFile; fileRef = E8EBD1D01E51F1B00088CC9D /* Empty_test_ProjectUITests.swift */; };
		E8EBD1E01E5202D00088CC9D /* anotherbitempty.storyboard in Resources */ = {isa = PBXBuildFile; fileRef = E8EBD1DE1E5202D00088CC9D /* anotherbitempty.storyboard */; };
		E8EBD1E21E5203180088CC9D /* navigatoremptybit.storyboard in Resources */ = {isa = PBXBuildFile; fileRef = E8EBD1E11E5203180088CC9D /* navigatoremptybit.storyboard */; };
/* End PBXBuildFile section */

/* Begin PBXContainerItemProxy section */
		E8EBD1C21E51F1B00088CC9D /* PBXContainerItemProxy */ = {
			isa = PBXContainerItemProxy;
			containerPortal = E8EBD1A51E51F1AF0088CC9D /* Project object */;
			proxyType = 1;
			remoteGlobalIDString = E8EBD1AC1E51F1AF0088CC9D;
			remoteInfo = "Empty test Project";
		};
		E8EBD1CD1E51F1B00088CC9D /* PBXContainerItemProxy */ = {
			isa = PBXContainerItemProxy;
			containerPortal = E8EBD1A51E51F1AF0088CC9D /* Project object */;
			proxyType = 1;
			remoteGlobalIDString = E8EBD1AC1E51F1AF0088CC9D;
			remoteInfo = "Empty test Project";
		};
/* End PBXContainerItemProxy section */

/* Begin PBXFileReference section */
		E8EBD1AD1E51F1B00088CC9D /* Empty test Project.app */ = {isa = PBXFileReference; explicitFileType = wrapper.application; includeInIndex = 0; path = "Empty test Project.app"; sourceTree = BUILT_PRODUCTS_DIR; };
		E8EBD1B01E51F1B00088CC9D /* AppDelegate.swift */ = {isa = PBXFileReference; lastKnownFileType = sourcecode.swift; path = AppDelegate.swift; sourceTree = "<group>"; };
		E8EBD1B21E51F1B00088CC9D /* ViewController.swift */ = {isa = PBXFileReference; lastKnownFileType = sourcecode.swift; path = ViewController.swift; sourceTree = "<group>"; };
		E8EBD1B51E51F1B00088CC9D /* Base */ = {isa = PBXFileReference; lastKnownFileType = file.storyboard; name = Base; path = Base.lproj/Main.storyboard; sourceTree = "<group>"; };
		E8EBD1B71E51F1B00088CC9D /* Assets.xcassets */ = {isa = PBXFileReference; lastKnownFileType = folder.assetcatalog; path = Assets.xcassets; sourceTree = "<group>"; };
		E8EBD1BA1E51F1B00088CC9D /* Base */ = {isa = PBXFileReference; lastKnownFileType = file.storyboard; name = Base; path = Base.lproj/LaunchScreen.storyboard; sourceTree = "<group>"; };
		E8EBD1BC1E51F1B00088CC9D /* Info.plist */ = {isa = PBXFileReference; lastKnownFileType = text.plist.xml; path = Info.plist; sourceTree = "<group>"; };
		E8EBD1C11E51F1B00088CC9D /* Empty test ProjectTests.xctest */ = {isa = PBXFileReference; explicitFileType = wrapper.cfbundle; includeInIndex = 0; path = "Empty test ProjectTests.xctest"; sourceTree = BUILT_PRODUCTS_DIR; };
		E8EBD1C51E51F1B00088CC9D /* Empty_test_ProjectTests.swift */ = {isa = PBXFileReference; lastKnownFileType = sourcecode.swift; path = Empty_test_ProjectTests.swift; sourceTree = "<group>"; };
		E8EBD1C71E51F1B00088CC9D /* Info.plist */ = {isa = PBXFileReference; lastKnownFileType = text.plist.xml; path = Info.plist; sourceTree = "<group>"; };
		E8EBD1CC1E51F1B00088CC9D /* Empty test ProjectUITests.xctest */ = {isa = PBXFileReference; explicitFileType = wrapper.cfbundle; includeInIndex = 0; path = "Empty test ProjectUITests.xctest"; sourceTree = BUILT_PRODUCTS_DIR; };
		E8EBD1D01E51F1B00088CC9D /* Empty_test_ProjectUITests.swift */ = {isa = PBXFileReference; lastKnownFileType = sourcecode.swift; path = Empty_test_ProjectUITests.swift; sourceTree = "<group>"; };
		E8EBD1D21E51F1B00088CC9D /* Info.plist */ = {isa = PBXFileReference; lastKnownFileType = text.plist.xml; path = Info.plist; sourceTree = "<group>"; };
		E8EBD1DF1E5202D00088CC9D /* Base */ = {isa = PBXFileReference; lastKnownFileType = file.storyboard; name = Base; path = Base.lproj/anotherbitempty.storyboard; sourceTree = "<group>"; };
		E8EBD1E11E5203180088CC9D /* navigatoremptybit.storyboard */ = {isa = PBXFileReference; fileEncoding = 4; lastKnownFileType = file.storyboard; path = navigatoremptybit.storyboard; sourceTree = "<group>"; };
/* End PBXFileReference section */

/* Begin PBXFrameworksBuildPhase section */
		E8EBD1AA1E51F1AF0088CC9D /* Frameworks */ = {
			isa = PBXFrameworksBuildPhase;
			buildActionMask = 2147483647;
			files = (
			);
			runOnlyForDeploymentPostprocessing = 0;
		};
		E8EBD1BE1E51F1B00088CC9D /* Frameworks */ = {
			isa = PBXFrameworksBuildPhase;
			buildActionMask = 2147483647;
			files = (
			);
			runOnlyForDeploymentPostprocessing = 0;
		};
		E8EBD1C91E51F1B00088CC9D /* Frameworks */ = {
			isa = PBXFrameworksBuildPhase;
			buildActionMask = 2147483647;
			files = (
			);
			runOnlyForDeploymentPostprocessing = 0;
		};
/* End PBXFrameworksBuildPhase section */

/* Begin PBXGroup section */
		E8EBD1A41E51F1AF0088CC9D = {
			isa = PBXGroup;
			children = (
				E8EBD1AF1E51F1B00088CC9D /* Empty test Project */,
				E8EBD1C41E51F1B00088CC9D /* Empty test ProjectTests */,
				E8EBD1CF1E51F1B00088CC9D /* Empty test ProjectUITests */,
				E8EBD1AE1E51F1B00088CC9D /* Products */,
			);
			sourceTree = "<group>";
		};
		E8EBD1AE1E51F1B00088CC9D /* Products */ = {
			isa = PBXGroup;
			children = (
				E8EBD1AD1E51F1B00088CC9D /* Empty test Project.app */,
				E8EBD1C11E51F1B00088CC9D /* Empty test ProjectTests.xctest */,
				E8EBD1CC1E51F1B00088CC9D /* Empty test ProjectUITests.xctest */,
			);
			name = Products;
			sourceTree = "<group>";
		};
		E8EBD1AF1E51F1B00088CC9D /* Empty test Project */ = {
			isa = PBXGroup;
			children = (
				E8EBD1B01E51F1B00088CC9D /* AppDelegate.swift */,
				E8EBD1B21E51F1B00088CC9D /* ViewController.swift */,
				E8EBD1B41E51F1B00088CC9D /* Main.storyboard */,
				E8EBD1E11E5203180088CC9D /* navigatoremptybit.storyboard */,
				E8EBD1DE1E5202D00088CC9D /* anotherbitempty.storyboard */,
				E8EBD1B71E51F1B00088CC9D /* Assets.xcassets */,
				E8EBD1B91E51F1B00088CC9D /* LaunchScreen.storyboard */,
				E8EBD1BC1E51F1B00088CC9D /* Info.plist */,
			);
			path = "Empty test Project";
			sourceTree = "<group>";
		};
		E8EBD1C41E51F1B00088CC9D /* Empty test ProjectTests */ = {
			isa = PBXGroup;
			children = (
				E8EBD1C51E51F1B00088CC9D /* Empty_test_ProjectTests.swift */,
				E8EBD1C71E51F1B00088CC9D /* Info.plist */,
			);
			path = "Empty test ProjectTests";
			sourceTree = "<group>";
		};
		E8EBD1CF1E51F1B00088CC9D /* Empty test ProjectUITests */ = {
			isa = PBXGroup;
			children = (
				E8EBD1D01E51F1B00088CC9D /* Empty_test_ProjectUITests.swift */,
				E8EBD1D21E51F1B00088CC9D /* Info.plist */,
			);
			path = "Empty test ProjectUITests";
			sourceTree = "<group>";
		};
/* End PBXGroup section */

/* Begin PBXNativeTarget section */
		E8EBD1AC1E51F1AF0088CC9D /* Empty test Project */ = {
			isa = PBXNativeTarget;
			buildConfigurationList = E8EBD1D51E51F1B00088CC9D /* Build configuration list for PBXNativeTarget "Empty test Project" */;
			buildPhases = (
				E8EBD1A91E51F1AF0088CC9D /* Sources */,
				E8EBD1AA1E51F1AF0088CC9D /* Frameworks */,
				E8EBD1AB1E51F1AF0088CC9D /* Resources */,
			);
			buildRules = (
			);
			dependencies = (
			);
			name = "Empty test Project";
			productName = "Empty test Project";
			productReference = E8EBD1AD1E51F1B00088CC9D /* Empty test Project.app */;
			productType = "com.apple.product-type.application";
		};
		E8EBD1C01E51F1B00088CC9D /* Empty test ProjectTests */ = {
			isa = PBXNativeTarget;
			buildConfigurationList = E8EBD1D81E51F1B00088CC9D /* Build configuration list for PBXNativeTarget "Empty test ProjectTests" */;
			buildPhases = (
				E8EBD1BD1E51F1B00088CC9D /* Sources */,
				E8EBD1BE1E51F1B00088CC9D /* Frameworks */,
				E8EBD1BF1E51F1B00088CC9D /* Resources */,
			);
			buildRules = (
			);
			dependencies = (
				E8EBD1C31E51F1B00088CC9D /* PBXTargetDependency */,
			);
			name = "Empty test ProjectTests";
			productName = "Empty test ProjectTests";
			productReference = E8EBD1C11E51F1B00088CC9D /* Empty test ProjectTests.xctest */;
			productType = "com.apple.product-type.bundle.unit-test";
		};
		E8EBD1CB1E51F1B00088CC9D /* Empty test ProjectUITests */ = {
			isa = PBXNativeTarget;
			buildConfigurationList = E8EBD1DB1E51F1B00088CC9D /* Build configuration list for PBXNativeTarget "Empty test ProjectUITests" */;
			buildPhases = (
				E8EBD1C81E51F1B00088CC9D /* Sources */,
				E8EBD1C91E51F1B00088CC9D /* Frameworks */,
				E8EBD1CA1E51F1B00088CC9D /* Resources */,
			);
			buildRules = (
			);
			dependencies = (
				E8EBD1CE1E51F1B00088CC9D /* PBXTargetDependency */,
			);
			name = "Empty test ProjectUITests";
			productName = "Empty test ProjectUITests";
			productReference = E8EBD1CC1E51F1B00088CC9D /* Empty test ProjectUITests.xctest */;
			productType = "com.apple.product-type.bundle.ui-testing";
		};
/* End PBXNativeTarget section */

/* Begin PBXProject section */
		E8EBD1A51E51F1AF0088CC9D /* Project object */ = {
			isa = PBXProject;
			attributes = {
				LastSwiftUpdateCheck = 0820;
				LastUpgradeCheck = 0820;
				ORGANIZATIONNAME = BodhiNerdFarm;
				TargetAttributes = {
					E8EBD1AC1E51F1AF0088CC9D = {
						CreatedOnToolsVersion = 8.2.1;
						DevelopmentTeam = 4G9KJT5GS9;
						ProvisioningStyle = Automatic;
					};
					E8EBD1C01E51F1B00088CC9D = {
						CreatedOnToolsVersion = 8.2.1;
						DevelopmentTeam = 4G9KJT5GS9;
						ProvisioningStyle = Automatic;
						TestTargetID = E8EBD1AC1E51F1AF0088CC9D;
					};
					E8EBD1CB1E51F1B00088CC9D = {
						CreatedOnToolsVersion = 8.2.1;
						DevelopmentTeam = 4G9KJT5GS9;
						ProvisioningStyle = Automatic;
						TestTargetID = E8EBD1AC1E51F1AF0088CC9D;
					};
				};
			};
			buildConfigurationList = E8EBD1A81E51F1AF0088CC9D /* Build configuration list for PBXProject "Empty test Project" */;
			compatibilityVersion = "Xcode 3.2";
			developmentRegion = English;
			hasScannedForEncodings = 0;
			knownRegions = (
				en,
				Base,
			);
			mainGroup = E8EBD1A41E51F1AF0088CC9D;
			productRefGroup = E8EBD1AE1E51F1B00088CC9D /* Products */;
			projectDirPath = "";
			projectRoot = "";
			targets = (
				E8EBD1AC1E51F1AF0088CC9D /* Empty test Project */,
				E8EBD1C01E51F1B00088CC9D /* Empty test ProjectTests */,
				E8EBD1CB1E51F1B00088CC9D /* Empty test ProjectUITests */,
			);
		};
/* End PBXProject section */

/* Begin PBXResourcesBuildPhase section */
		E8EBD1AB1E51F1AF0088CC9D /* Resources */ = {
			isa = PBXResourcesBuildPhase;
			buildActionMask = 2147483647;
			files = (
				E8EBD1E01E5202D00088CC9D /* anotherbitempty.storyboard in Resources */,
				E8EBD1E21E5203180088CC9D /* navigatoremptybit.storyboard in Resources */,
				E8EBD1BB1E51F1B00088CC9D /* LaunchScreen.storyboard in Resources */,
				E8EBD1B81E51F1B00088CC9D /* Assets.xcassets in Resources */,
				E8EBD1B61E51F1B00088CC9D /* Main.storyboard in Resources */,
			);
			runOnlyForDeploymentPostprocessing = 0;
		};
		E8EBD1BF1E51F1B00088CC9D /* Resources */ = {
			isa = PBXResourcesBuildPhase;
			buildActionMask = 2147483647;
			files = (
			);
			runOnlyForDeploymentPostprocessing = 0;
		};
		E8EBD1CA1E51F1B00088CC9D /* Resources */ = {
			isa = PBXResourcesBuildPhase;
			buildActionMask = 2147483647;
			files = (
			);
			runOnlyForDeploymentPostprocessing = 0;
		};
/* End PBXResourcesBuildPhase section */

/* Begin PBXSourcesBuildPhase section */
		E8EBD1A91E51F1AF0088CC9D /* Sources */ = {
			isa = PBXSourcesBuildPhase;
			buildActionMask = 2147483647;
			files = (
				E8EBD1B31E51F1B00088CC9D /* ViewController.swift in Sources */,
				E8EBD1B11E51F1B00088CC9D /* AppDelegate.swift in Sources */,
			);
			runOnlyForDeploymentPostprocessing = 0;
		};
		E8EBD1BD1E51F1B00088CC9D /* Sources */ = {
			isa = PBXSourcesBuildPhase;
			buildActionMask = 2147483647;
			files = (
				E8EBD1C61E51F1B00088CC9D /* Empty_test_ProjectTests.swift in Sources */,
			);
			runOnlyForDeploymentPostprocessing = 0;
		};
		E8EBD1C81E51F1B00088CC9D /* Sources */ = {
			isa = PBXSourcesBuildPhase;
			buildActionMask = 2147483647;
			files = (
				E8EBD1D11E51F1B00088CC9D /* Empty_test_ProjectUITests.swift in Sources */,
			);
			runOnlyForDeploymentPostprocessing = 0;
		};
/* End PBXSourcesBuildPhase section */

/* Begin PBXTargetDependency section */
		E8EBD1C31E51F1B00088CC9D /* PBXTargetDependency */ = {
			isa = PBXTargetDependency;
			target = E8EBD1AC1E51F1AF0088CC9D /* Empty test Project */;
			targetProxy = E8EBD1C21E51F1B00088CC9D /* PBXContainerItemProxy */;
		};
		E8EBD1CE1E51F1B00088CC9D /* PBXTargetDependency */ = {
			isa = PBXTargetDependency;
			target = E8EBD1AC1E51F1AF0088CC9D /* Empty test Project */;
			targetProxy = E8EBD1CD1E51F1B00088CC9D /* PBXContainerItemProxy */;
		};
/* End PBXTargetDependency section */

/* Begin PBXVariantGroup section */
		E8EBD1B41E51F1B00088CC9D /* Main.storyboard */ = {
			isa = PBXVariantGroup;
			children = (
				E8EBD1B51E51F1B00088CC9D /* Base */,
			);
			name = Main.storyboard;
			sourceTree = "<group>";
		};
		E8EBD1B91E51F1B00088CC9D /* LaunchScreen.storyboard */ = {
			isa = PBXVariantGroup;
			children = (
				E8EBD1BA1E51F1B00088CC9D /* Base */,
			);
			name = LaunchScreen.storyboard;
			sourceTree = "<group>";
		};
		E8EBD1DE1E5202D00088CC9D /* anotherbitempty.storyboard */ = {
			isa = PBXVariantGroup;
			children = (
				E8EBD1DF1E5202D00088CC9D /* Base */,
			);
			name = anotherbitempty.storyboard;
			sourceTree = "<group>";
		};
/* End PBXVariantGroup section */

/* Begin XCBuildConfiguration section */
		E8EBD1D31E51F1B00088CC9D /* Debug */ = {
			isa = XCBuildConfiguration;
			buildSettings = {
				ALWAYS_SEARCH_USER_PATHS = NO;
				CLANG_ANALYZER_NONNULL = YES;
				CLANG_CXX_LANGUAGE_STANDARD = "gnu++0x";
				CLANG_CXX_LIBRARY = "libc++";
				CLANG_ENABLE_MODULES = YES;
				CLANG_ENABLE_OBJC_ARC = YES;
				CLANG_WARN_BOOL_CONVERSION = YES;
				CLANG_WARN_CONSTANT_CONVERSION = YES;
				CLANG_WARN_DIRECT_OBJC_ISA_USAGE = YES_ERROR;
				CLANG_WARN_DOCUMENTATION_COMMENTS = YES;
				CLANG_WARN_EMPTY_BODY = YES;
				CLANG_WARN_ENUM_CONVERSION = YES;
				CLANG_WARN_INFINITE_RECURSION = YES;
				CLANG_WARN_INT_CONVERSION = YES;
				CLANG_WARN_OBJC_ROOT_CLASS = YES_ERROR;
				CLANG_WARN_SUSPICIOUS_MOVE = YES;
				CLANG_WARN_UNREACHABLE_CODE = YES;
				CLANG_WARN__DUPLICATE_METHOD_MATCH = YES;
				"CODE_SIGN_IDENTITY[sdk=iphoneos*]" = "iPhone Developer";
				COPY_PHASE_STRIP = NO;
				DEBUG_INFORMATION_FORMAT = dwarf;
				ENABLE_STRICT_OBJC_MSGSEND = YES;
				ENABLE_TESTABILITY = YES;
				GCC_C_LANGUAGE_STANDARD = gnu99;
				GCC_DYNAMIC_NO_PIC = NO;
				GCC_NO_COMMON_BLOCKS = YES;
				GCC_OPTIMIZATION_LEVEL = 0;
				GCC_PREPROCESSOR_DEFINITIONS = (
					"DEBUG=1",
					"$(inherited)",
				);
				GCC_WARN_64_TO_32_BIT_CONVERSION = YES;
				GCC_WARN_ABOUT_RETURN_TYPE = YES_ERROR;
				GCC_WARN_UNDECLARED_SELECTOR = YES;
				GCC_WARN_UNINITIALIZED_AUTOS = YES_AGGRESSIVE;
				GCC_WARN_UNUSED_FUNCTION = YES;
				GCC_WARN_UNUSED_VARIABLE = YES;
				IPHONEOS_DEPLOYMENT_TARGET = 10.2;
				MTL_ENABLE_DEBUG_INFO = YES;
				ONLY_ACTIVE_ARCH = YES;
				SDKROOT = iphoneos;
				SWIFT_ACTIVE_COMPILATION_CONDITIONS = DEBUG;
				SWIFT_OPTIMIZATION_LEVEL = "-Onone";
				TARGETED_DEVICE_FAMILY = "1,2";
			};
			name = Debug;
		};
		E8EBD1D41E51F1B00088CC9D /* Release */ = {
			isa = XCBuildConfiguration;
			buildSettings = {
				ALWAYS_SEARCH_USER_PATHS = NO;
				CLANG_ANALYZER_NONNULL = YES;
				CLANG_CXX_LANGUAGE_STANDARD = "gnu++0x";
				CLANG_CXX_LIBRARY = "libc++";
				CLANG_ENABLE_MODULES = YES;
				CLANG_ENABLE_OBJC_ARC = YES;
				CLANG_WARN_BOOL_CONVERSION = YES;
				CLANG_WARN_CONSTANT_CONVERSION = YES;
				CLANG_WARN_DIRECT_OBJC_ISA_USAGE = YES_ERROR;
				CLANG_WARN_DOCUMENTATION_COMMENTS = YES;
				CLANG_WARN_EMPTY_BODY = YES;
				CLANG_WARN_ENUM_CONVERSION = YES;
				CLANG_WARN_INFINITE_RECURSION = YES;
				CLANG_WARN_INT_CONVERSION = YES;
				CLANG_WARN_OBJC_ROOT_CLASS = YES_ERROR;
				CLANG_WARN_SUSPICIOUS_MOVE = YES;
				CLANG_WARN_UNREACHABLE_CODE = YES;
				CLANG_WARN__DUPLICATE_METHOD_MATCH = YES;
				"CODE_SIGN_IDENTITY[sdk=iphoneos*]" = "iPhone Developer";
				COPY_PHASE_STRIP = NO;
				DEBUG_INFORMATION_FORMAT = "dwarf-with-dsym";
				ENABLE_NS_ASSERTIONS = NO;
				ENABLE_STRICT_OBJC_MSGSEND = YES;
				GCC_C_LANGUAGE_STANDARD = gnu99;
				GCC_NO_COMMON_BLOCKS = YES;
				GCC_WARN_64_TO_32_BIT_CONVERSION = YES;
				GCC_WARN_ABOUT_RETURN_TYPE = YES_ERROR;
				GCC_WARN_UNDECLARED_SELECTOR = YES;
				GCC_WARN_UNINITIALIZED_AUTOS = YES_AGGRESSIVE;
				GCC_WARN_UNUSED_FUNCTION = YES;
				GCC_WARN_UNUSED_VARIABLE = YES;
				IPHONEOS_DEPLOYMENT_TARGET = 10.2;
				MTL_ENABLE_DEBUG_INFO = NO;
				SDKROOT = iphoneos;
				SWIFT_OPTIMIZATION_LEVEL = "-Owholemodule";
				TARGETED_DEVICE_FAMILY = "1,2";
				VALIDATE_PRODUCT = YES;
			};
			name = Release;
		};
		E8EBD1D61E51F1B00088CC9D /* Debug */ = {
			isa = XCBuildConfiguration;
			buildSettings = {
				ASSETCATALOG_COMPILER_APPICON_NAME = AppIcon;
				DEVELOPMENT_TEAM = 4G9KJT5GS9;
				INFOPLIST_FILE = "Empty test Project/Info.plist";
				LD_RUNPATH_SEARCH_PATHS = "$(inherited) @executable_path/Frameworks";
				PRODUCT_BUNDLE_IDENTIFIER = "chris.Empty-test-Project";
				PRODUCT_NAME = "$(TARGET_NAME)";
				SWIFT_VERSION = 3.0;
			};
			name = Debug;
		};
		E8EBD1D71E51F1B00088CC9D /* Release */ = {
			isa = XCBuildConfiguration;
			buildSettings = {
				ASSETCATALOG_COMPILER_APPICON_NAME = AppIcon;
				DEVELOPMENT_TEAM = 4G9KJT5GS9;
				INFOPLIST_FILE = "Empty test Project/Info.plist";
				LD_RUNPATH_SEARCH_PATHS = "$(inherited) @executable_path/Frameworks";
				PRODUCT_BUNDLE_IDENTIFIER = "chris.Empty-test-Project";
				PRODUCT_NAME = "$(TARGET_NAME)";
				SWIFT_VERSION = 3.0;
			};
			name = Release;
		};
		E8EBD1D91E51F1B00088CC9D /* Debug */ = {
			isa = XCBuildConfiguration;
			buildSettings = {
				ALWAYS_EMBED_SWIFT_STANDARD_LIBRARIES = YES;
				BUNDLE_LOADER = "$(TEST_HOST)";
				DEVELOPMENT_TEAM = 4G9KJT5GS9;
				INFOPLIST_FILE = "Empty test ProjectTests/Info.plist";
				LD_RUNPATH_SEARCH_PATHS = "$(inherited) @executable_path/Frameworks @loader_path/Frameworks";
				PRODUCT_BUNDLE_IDENTIFIER = "chris.Empty-test-ProjectTests";
				PRODUCT_NAME = "$(TARGET_NAME)";
				SWIFT_VERSION = 3.0;
				TEST_HOST = "$(BUILT_PRODUCTS_DIR)/Empty test Project.app/Empty test Project";
			};
			name = Debug;
		};
		E8EBD1DA1E51F1B00088CC9D /* Release */ = {
			isa = XCBuildConfiguration;
			buildSettings = {
				ALWAYS_EMBED_SWIFT_STANDARD_LIBRARIES = YES;
				BUNDLE_LOADER = "$(TEST_HOST)";
				DEVELOPMENT_TEAM = 4G9KJT5GS9;
				INFOPLIST_FILE = "Empty test ProjectTests/Info.plist";
				LD_RUNPATH_SEARCH_PATHS = "$(inherited) @executable_path/Frameworks @loader_path/Frameworks";
				PRODUCT_BUNDLE_IDENTIFIER = "chris.Empty-test-ProjectTests";
				PRODUCT_NAME = "$(TARGET_NAME)";
				SWIFT_VERSION = 3.0;
				TEST_HOST = "$(BUILT_PRODUCTS_DIR)/Empty test Project.app/Empty test Project";
			};
			name = Release;
		};
		E8EBD1DC1E51F1B00088CC9D /* Debug */ = {
			isa = XCBuildConfiguration;
			buildSettings = {
				ALWAYS_EMBED_SWIFT_STANDARD_LIBRARIES = YES;
				DEVELOPMENT_TEAM = 4G9KJT5GS9;
				INFOPLIST_FILE = "Empty test ProjectUITests/Info.plist";
				LD_RUNPATH_SEARCH_PATHS = "$(inherited) @executable_path/Frameworks @loader_path/Frameworks";
				PRODUCT_BUNDLE_IDENTIFIER = "chris.Empty-test-ProjectUITests";
				PRODUCT_NAME = "$(TARGET_NAME)";
				SWIFT_VERSION = 3.0;
				TEST_TARGET_NAME = "Empty test Project";
			};
			name = Debug;
		};
		E8EBD1DD1E51F1B00088CC9D /* Release */ = {
			isa = XCBuildConfiguration;
			buildSettings = {
				ALWAYS_EMBED_SWIFT_STANDARD_LIBRARIES = YES;
				DEVELOPMENT_TEAM = 4G9KJT5GS9;
				INFOPLIST_FILE = "Empty test ProjectUITests/Info.plist";
				LD_RUNPATH_SEARCH_PATHS = "$(inherited) @executable_path/Frameworks @loader_path/Frameworks";
				PRODUCT_BUNDLE_IDENTIFIER = "chris.Empty-test-ProjectUITests";
				PRODUCT_NAME = "$(TARGET_NAME)";
				SWIFT_VERSION = 3.0;
				TEST_TARGET_NAME = "Empty test Project";
			};
			name = Release;
		};
/* End XCBuildConfiguration section */

/* Begin XCConfigurationList section */
		E8EBD1A81E51F1AF0088CC9D /* Build configuration list for PBXProject "Empty test Project" */ = {
			isa = XCConfigurationList;
			buildConfigurations = (
				E8EBD1D31E51F1B00088CC9D /* Debug */,
				E8EBD1D41E51F1B00088CC9D /* Release */,
			);
			defaultConfigurationIsVisible = 0;
			defaultConfigurationName = Release;
		};
		E8EBD1D51E51F1B00088CC9D /* Build configuration list for PBXNativeTarget "Empty test Project" */ = {
			isa = XCConfigurationList;
			buildConfigurations = (
				E8EBD1D61E51F1B00088CC9D /* Debug */,
				E8EBD1D71E51F1B00088CC9D /* Release */,
			);
			defaultConfigurationIsVisible = 0;
		};
		E8EBD1D81E51F1B00088CC9D /* Build configuration list for PBXNativeTarget "Empty test ProjectTests" */ = {
			isa = XCConfigurationList;
			buildConfigurations = (
				E8EBD1D91E51F1B00088CC9D /* Debug */,
				E8EBD1DA1E51F1B00088CC9D /* Release */,
			);
			defaultConfigurationIsVisible = 0;
		};
		E8EBD1DB1E51F1B00088CC9D /* Build configuration list for PBXNativeTarget "Empty test ProjectUITests" */ = {
			isa = XCConfigurationList;
			buildConfigurations = (
				E8EBD1DC1E51F1B00088CC9D /* Debug */,
				E8EBD1DD1E51F1B00088CC9D /* Release */,
			);
			defaultConfigurationIsVisible = 0;
		};
/* End XCConfigurationList section */
	};
	rootObject = E8EBD1A51E51F1AF0088CC9D /* Project object */;
}
